{
  "name": "bench",
  "lockfileVersion": 3,
  "requires": true,
  "packages": {
    "": {
      "dependencies": {
        "@ohm-js/miniohm-js": "0.5.0",
        "@ohm-js/wasm": "0.7.5",
        "ohm-js": "17.5.0"
      }
    },
    "node_modules/@ohm-js/miniohm-js": {
      "version": "0.5.0",
      "resolved": "https://registry.npmjs.org/@ohm-js/miniohm-js/-/miniohm-js-0.5.0.tgz",
      "integrity": "sha512-5oD0RmXMbIvD8xn8Hsir7MH2x56weRLwfsg5J23Au6VuL+VDUDdRS+HwVzdX61MZp8BEwy0D6Z0LhfVr+5SnAA==",
      "license": "MIT"
    },
    "node_modules/@ohm-js/wasm": {
      "version": "0.7.5",
      "resolved": "https://registry.npmjs.org/@ohm-js/wasm/-/wasm-0.7.5.tgz",
      "integrity": "sha512-eH/X2PaZnxDL8jgHSYKJm8vP1427J0uhtEoibTSp9hNgIoUnlusbkXfKl/m3zI1jl1vOMZeJkzqwIsEPon+/bQ==",
      "license": "MIT",
      "dependencies": {
        "@wasmgroundup/emit": "^1.0.2"
      },
      "bin": {
        "ohm2wasm": "dist/src/cli.js"
      },
      "peerDependencies": {
        "ohm-js": "^17.1.0"
      }
    },
    "node_modules/@wasmgroundup/emit": {
      "version": "1.0.2",
      "resolved": "https://registry.npmjs.org/@wasmgroundup/emit/-/emit-1.0.2.tgz",
      "integrity": "sha512-9FupNg9RUOQIBe2zNp0DY78Rb03xeElaL9NQB4haz+JDOF+0Bq4tNSuB/vwG4DFTKSffBKFCa85YdVZaf5vQPw==",
      "license": "MIT"
    },
    "node_modules/ohm-js": {
      "version": "17.5.0",
      "resolved": "https://registry.npmjs.org/ohm-js/-/ohm-js-17.5.0.tgz",
      "integrity": "sha512-l4Sa7026+6jsvYbt0PXKmL+f+ML32fD++IznLgxDhx2t9Cx6NC7zwRqblCujPHGGmkQerHoeBzRutdxaw/S72g==",
      "license": "MIT",
      "engines": {
        "node": ">=0.12.1"
      }
    }
  }
}
